// !$*UTF8*$!
{
	archiveVersion = 1;
	classes = {
	};
	objectVersion = 46;
	objects = {

/* Begin PBXBuildFile section */
		521DC2751E13831D0011D087 /* main.m in Sources */ = {isa = PBXBuildFile; fileRef = 521DC2741E13831D0011D087 /* main.m */; };
		521DC2781E13831D0011D087 /* AppDelegate.m in Sources */ = {isa = PBXBuildFile; fileRef = 521DC2771E13831D0011D087 /* AppDelegate.m */; };
		521DC27B1E13831D0011D087 /* ViewController.m in Sources */ = {isa = PBXBuildFile; fileRef = 521DC27A1E13831D0011D087 /* ViewController.m */; };
		521DC27E1E13831D0011D087 /* Main.storyboard in Resources */ = {isa = PBXBuildFile; fileRef = 521DC27C1E13831D0011D087 /* Main.storyboard */; };
		521DC2811E13831D0011D087 /* _____Test.xcdatamodeld in Sources */ = {isa = PBXBuildFile; fileRef = 521DC27F1E13831D0011D087 /* _____Test.xcdatamodeld */; };
		521DC2831E13831D0011D087 /* Assets.xcassets in Resources */ = {isa = PBXBuildFile; fileRef = 521DC2821E13831D0011D087 /* Assets.xcassets */; };
		521DC2861E13831D0011D087 /* LaunchScreen.storyboard in Resources */ = {isa = PBXBuildFile; fileRef = 521DC2841E13831D0011D087 /* LaunchScreen.storyboard */; };
/* End PBXBuildFile section */

/* Begin PBXFileReference section */
		521DC2701E13831D0011D087 /* 个人详情页Test.app */ = {isa = PBXFileReference; explicitFileType = wrapper.application; includeInIndex = 0; path = "个人详情页Test.app"; sourceTree = BUILT_PRODUCTS_DIR; };
		521DC2741E13831D0011D087 /* main.m */ = {isa = PBXFileReference; lastKnownFileType = sourcecode.c.objc; path = main.m; sourceTree = "<group>"; };
		521DC2761E13831D0011D087 /* AppDelegate.h */ = {isa = PBXFileReference; lastKnownFileType = sourcecode.c.h; path = AppDelegate.h; sourceTree = "<group>"; };
		521DC2771E13831D0011D087 /* AppDelegate.m */ = {isa = PBXFileReference; lastKnownFileType = sourcecode.c.objc; path = AppDelegate.m; sourceTree = "<group>"; };
		521DC2791E13831D0011D087 /* ViewController.h */ = {isa = PBXFileReference; lastKnownFileType = sourcecode.c.h; path = ViewController.h; sourceTree = "<group>"; };
		521DC27A1E13831D0011D087 /* ViewController.m */ = {isa = PBXFileReference; lastKnownFileType = sourcecode.c.objc; path = ViewController.m; sourceTree = "<group>"; };
		521DC27D1E13831D0011D087 /* Base */ = {isa = PBXFileReference; lastKnownFileType = file.storyboard; name = Base; path = Base.lproj/Main.storyboard; sourceTree = "<group>"; };
		521DC2801E13831D0011D087 /* _____Test.xcdatamodel */ = {isa = PBXFileReference; lastKnownFileType = wrapper.xcdatamodel; path = "_____Test.xcdatamodel"; sourceTree = "<group>"; };
		521DC2821E13831D0011D087 /* Assets.xcassets */ = {isa = PBXFileReference; lastKnownFileType = folder.assetcatalog; path = Assets.xcassets; sourceTree = "<group>"; };
		521DC2851E13831D0011D087 /* Base */ = {isa = PBXFileReference; lastKnownFileType = file.storyboard; name = Base; path = Base.lproj/LaunchScreen.storyboard; sourceTree = "<group>"; };
		521DC2871E13831D0011D087 /* Info.plist */ = {isa = PBXFileReference; lastKnownFileType = text.plist.xml; path = Info.plist; sourceTree = "<group>"; };
/* End PBXFileReference section */

/* Begin PBXFrameworksBuildPhase section */
		521DC26D1E13831C0011D087 /* Frameworks */ = {
			isa = PBXFrameworksBuildPhase;
			buildActionMask = 2147483647;
			files = (
			);
			runOnlyForDeploymentPostprocessing = 0;
		};
/* End PBXFrameworksBuildPhase section */

/* Begin PBXGroup section */
		521DC2671E13831C0011D087 = {
			isa = PBXGroup;
			children = (
				521DC2721E13831D0011D087 /* 个人详情页Test */,
				521DC2711E13831D0011D087 /* Products */,
			);
			sourceTree = "<group>";
		};
		521DC2711E13831D0011D087 /* Products */ = {
			isa = PBXGroup;
			children = (
				521DC2701E13831D0011D087 /* 个人详情页Test.app */,
			);
			name = Products;
			sourceTree = "<group>";
		};
		521DC2721E13831D0011D087 /* 个人详情页Test */ = {
			isa = PBXGroup;
			children = (
				521DC2761E13831D0011D087 /* AppDelegate.h */,
				521DC2771E13831D0011D087 /* AppDelegate.m */,
				521DC2791E13831D0011D087 /* ViewController.h */,
				521DC27A1E13831D0011D087 /* ViewController.m */,
				521DC27C1E13831D0011D087 /* Main.storyboard */,
				521DC2821E13831D0011D087 /* Assets.xcassets */,
				521DC2841E13831D0011D087 /* LaunchScreen.storyboard */,
				521DC2871E13831D0011D087 /* Info.plist */,
				521DC27F1E13831D0011D087 /* _____Test.xcdatamodeld */,
				521DC2731E13831D0011D087 /* Supporting Files */,
			);
			path = "个人详情页Test";
			sourceTree = "<group>";
		};
		521DC2731E13831D0011D087 /* Supporting Files */ = {
			isa = PBXGroup;
			children = (
				521DC2741E13831D0011D087 /* main.m */,
			);
			name = "Supporting Files";
			sourceTree = "<group>";
		};
/* End PBXGroup section */

/* Begin PBXNativeTarget section */
		521DC26F1E13831C0011D087 /* 个人详情页Test */ = {
			isa = PBXNativeTarget;
			buildConfigurationList = 521DC28A1E13831D0011D087 /* Build configuration list for PBXNativeTarget "个人详情页Test" */;
			buildPhases = (
				521DC26C1E13831C0011D087 /* Sources */,
				521DC26D1E13831C0011D087 /* Frameworks */,
				521DC26E1E13831C0011D087 /* Resources */,
			);
			buildRules = (
			);
			dependencies = (
			);
			name = "个人详情页Test";
			productName = "个人详情页Test";
			productReference = 521DC2701E13831D0011D087 /* 个人详情页Test.app */;
			productType = "com.apple.product-type.application";
		};
/* End PBXNativeTarget section */

/* Begin PBXProject section */
		521DC2681E13831C0011D087 /* Project object */ = {
			isa = PBXProject;
			attributes = {
				LastUpgradeCheck = 0810;
				ORGANIZATIONNAME = Szy;
				TargetAttributes = {
					521DC26F1E13831C0011D087 = {
						CreatedOnToolsVersion = 8.1;
						DevelopmentTeam = TXXW5F5RWA;
						ProvisioningStyle = Automatic;
					};
				};
			};
			buildConfigurationList = 521DC26B1E13831C0011D087 /* Build configuration list for PBXProject "个人详情页Test" */;
			compatibilityVersion = "Xcode 3.2";
			developmentRegion = English;
			hasScannedForEncodings = 0;
			knownRegions = (
				en,
				Base,
			);
			mainGroup = 521DC2671E13831C0011D087;
			productRefGroup = 521DC2711E13831D0011D087 /* Products */;
			projectDirPath = "";
			projectRoot = "";
			targets = (
				521DC26F1E13831C0011D087 /* 个人详情页Test */,
			);
		};
/* End PBXProject section */

/* Begin PBXResourcesBuildPhase section */
		521DC26E1E13831C0011D087 /* Resources */ = {
			isa = PBXResourcesBuildPhase;
			buildActionMask = 2147483647;
			files = (
				521DC2861E13831D0011D087 /* LaunchScreen.storyboard in Resources */,
				521DC2831E13831D0011D087 /* Assets.xcassets in Resources */,
				521DC27E1E13831D0011D087 /* Main.storyboard in Resources */,
			);
			runOnlyForDeploymentPostprocessing = 0;
		};
/* End PBXResourcesBuildPhase section */

/* Begin PBXSourcesBuildPhase section */
		521DC26C1E13831C0011D087 /* Sources */ = {
			isa = PBXSourcesBuildPhase;
			buildActionMask = 2147483647;
			files = (
				521DC27B1E13831D0011D087 /* ViewController.m in Sources */,
				521DC2811E13831D0011D087 /* _____Test.xcdatamodeld in Sources */,
				521DC2781E13831D0011D087 /* AppDelegate.m in Sources */,
				521DC2751E13831D0011D087 /* main.m in Sources */,
			);
			runOnlyForDeploymentPostprocessing = 0;
		};
/* End PBXSourcesBuildPhase section */

/* Begin PBXVariantGroup section */
		521DC27C1E13831D0011D087 /* Main.storyboard */ = {
			isa = PBXVariantGroup;
			children = (
				521DC27D1E13831D0011D087 /* Base */,
			);
			name = Main.storyboard;
			sourceTree = "<group>";
		};
		521DC2841E13831D0011D087 /* LaunchScreen.storyboard */ = {
			isa = PBXVariantGroup;
			children = (
				521DC2851E13831D0011D087 /* Base */,
			);
			name = LaunchScreen.storyboard;
			sourceTree = "<group>";
		};
/* End PBXVariantGroup section */

/* Begin XCBuildConfiguration section */
		521DC2881E13831D0011D087 /* Debug */ = {
			isa = XCBuildConfiguration;
			buildSettings = {
				ALWAYS_SEARCH_USER_PATHS = NO;
				CLANG_ANALYZER_NONNULL = YES;
				CLANG_CXX_LANGUAGE_STANDARD = "gnu++0x";
				CLANG_CXX_LIBRARY = "libc++";
				CLANG_ENABLE_MODULES = YES;
				CLANG_ENABLE_OBJC_ARC = YES;
				CLANG_WARN_BOOL_CONVERSION = YES;
				CLANG_WARN_CONSTANT_CONVERSION = YES;
				CLANG_WARN_DIRECT_OBJC_ISA_USAGE = YES_ERROR;
				CLANG_WARN_DOCUMENTATION_COMMENTS = YES;
				CLANG_WARN_EMPTY_BODY = YES;
				CLANG_WARN_ENUM_CONVERSION = YES;
				CLANG_WARN_INFINITE_RECURSION = YES;
				CLANG_WARN_INT_CONVERSION = YES;
				CLANG_WARN_OBJC_ROOT_CLASS = YES_ERROR;
				CLANG_WARN_SUSPICIOUS_MOVES = YES;
				CLANG_WARN_UNREACHABLE_CODE = YES;
				CLANG_WARN__DUPLICATE_METHOD_MATCH = YES;
				"CODE_SIGN_IDENTITY[sdk=iphoneos*]" = "iPhone Developer";
				COPY_PHASE_STRIP = NO;
				DEBUG_INFORMATION_FORMAT = dwarf;
				ENABLE_STRICT_OBJC_MSGSEND = YES;
				ENABLE_TESTABILITY = YES;
				GCC_C_LANGUAGE_STANDARD = gnu99;
				GCC_DYNAMIC_NO_PIC = NO;
				GCC_NO_COMMON_BLOCKS = YES;
				GCC_OPTIMIZATION_LEVEL = 0;
				GCC_PREPROCESSOR_DEFINITIONS = (
					"DEBUG=1",
					"$(inherited)",
				);
				GCC_WARN_64_TO_32_BIT_CONVERSION = YES;
				GCC_WARN_ABOUT_RETURN_TYPE = YES_ERROR;
				GCC_WARN_UNDECLARED_SELECTOR = YES;
				GCC_WARN_UNINITIALIZED_AUTOS = YES_AGGRESSIVE;
				GCC_WARN_UNUSED_FUNCTION = YES;
				GCC_WARN_UNUSED_VARIABLE = YES;
				IPHONEOS_DEPLOYMENT_TARGET = 10.1;
				MTL_ENABLE_DEBUG_INFO = YES;
				ONLY_ACTIVE_ARCH = YES;
				SDKROOT = iphoneos;
			};
			name = Debug;
		};
		521DC2891E13831D0011D087 /* Release */ = {
			isa = XCBuildConfiguration;
			buildSettings = {
				ALWAYS_SEARCH_USER_PATHS = NO;
				CLANG_ANALYZER_NONNULL = YES;
				CLANG_CXX_LANGUAGE_STANDARD = "gnu++0x";
				CLANG_CXX_LIBRARY = "libc++";
				CLANG_ENABLE_MODULES = YES;
				CLANG_ENABLE_OBJC_ARC = YES;
				CLANG_WARN_BOOL_CONVERSION = YES;
				CLANG_WARN_CONSTANT_CONVERSION = YES;
				CLANG_WARN_DIRECT_OBJC_ISA_USAGE = YES_ERROR;
				CLANG_WARN_DOCUMENTATION_COMMENTS = YES;
				CLANG_WARN_EMPTY_BODY = YES;
				CLANG_WARN_ENUM_CONVERSION = YES;
				CLANG_WARN_INFINITE_RECURSION = YES;
				CLANG_WARN_INT_CONVERSION = YES;
				CLANG_WARN_OBJC_ROOT_CLASS = YES_ERROR;
				CLANG_WARN_SUSPICIOUS_MOVES = YES;
				CLANG_WARN_UNREACHABLE_CODE = YES;
				CLANG_WARN__DUPLICATE_METHOD_MATCH = YES;
				"CODE_SIGN_IDENTITY[sdk=iphoneos*]" = "iPhone Developer";
				COPY_PHASE_STRIP = NO;
				DEBUG_INFORMATION_FORMAT = "dwarf-with-dsym";
				ENABLE_NS_ASSERTIONS = NO;
				ENABLE_STRICT_OBJC_MSGSEND = YES;
				GCC_C_LANGUAGE_STANDARD = gnu99;
				GCC_NO_COMMON_BLOCKS = YES;
				GCC_WARN_64_TO_32_BIT_CONVERSION = YES;
				GCC_WARN_ABOUT_RETURN_TYPE = YES_ERROR;
				GCC_WARN_UNDECLARED_SELECTOR = YES;
				GCC_WARN_UNINITIALIZED_AUTOS = YES_AGGRESSIVE;
				GCC_WARN_UNUSED_FUNCTION = YES;
				GCC_WARN_UNUSED_VARIABLE = YES;
				IPHONEOS_DEPLOYMENT_TARGET = 10.1;
				MTL_ENABLE_DEBUG_INFO = NO;
				SDKROOT = iphoneos;
				VALIDATE_PRODUCT = YES;
			};
			name = Release;
		};
		521DC28B1E13831D0011D087 /* Debug */ = {
			isa = XCBuildConfiguration;
			buildSettings = {
				ASSETCATALOG_COMPILER_APPICON_NAME = AppIcon;
				DEVELOPMENT_TEAM = TXXW5F5RWA;
				INFOPLIST_FILE = "个人详情页Test/Info.plist";
				LD_RUNPATH_SEARCH_PATHS = "$(inherited) @executable_path/Frameworks";
				PRODUCT_BUNDLE_IDENTIFIER = "com.szyjsq.-----Test";
				PRODUCT_NAME = "$(TARGET_NAME)";
			};
			name = Debug;
		};
		521DC28C1E13831D0011D087 /* Release */ = {
			isa = XCBuildConfiguration;
			buildSettings = {
				ASSETCATALOG_COMPILER_APPICON_NAME = AppIcon;
				DEVELOPMENT_TEAM = TXXW5F5RWA;
				INFOPLIST_FILE = "个人详情页Test/Info.plist";
				LD_RUNPATH_SEARCH_PATHS = "$(inherited) @executable_path/Frameworks";
				PRODUCT_BUNDLE_IDENTIFIER = "com.szyjsq.-----Test";
				PRODUCT_NAME = "$(TARGET_NAME)";
			};
			name = Release;
		};
/* End XCBuildConfiguration section */

/* Begin XCConfigurationList section */
		521DC26B1E13831C0011D087 /* Build configuration list for PBXProject "个人详情页Test" */ = {
			isa = XCConfigurationList;
			buildConfigurations = (
				521DC2881E13831D0011D087 /* Debug */,
				521DC2891E13831D0011D087 /* Release */,
			);
			defaultConfigurationIsVisible = 0;
			defaultConfigurationName = Release;
		};
		521DC28A1E13831D0011D087 /* Build configuration list for PBXNativeTarget "个人详情页Test" */ = {
			isa = XCConfigurationList;
			buildConfigurations = (
				521DC28B1E13831D0011D087 /* Debug */,
				521DC28C1E13831D0011D087 /* Release */,
			);
			defaultConfigurationIsVisible = 0;
		};
/* End XCConfigurationList section */

/* Begin XCVersionGroup section */
		521DC27F1E13831D0011D087 /* _____Test.xcdatamodeld */ = {
			isa = XCVersionGroup;
			children = (
				521DC2801E13831D0011D087 /* _____Test.xcdatamodel */,
			);
			currentVersion = 521DC2801E13831D0011D087 /* _____Test.xcdatamodel */;
			path = "_____Test.xcdatamodeld";
			sourceTree = "<group>";
			versionGroupType = wrapper.xcdatamodel;
		};
/* End XCVersionGroup section */
	};
	rootObject = 521DC2681E13831C0011D087 /* Project object */;
}
